
Microsoft Visual Studio Solution File, Format Version 12.00
# Visual Studio 15
VisualStudioVersion = 15.0.28307.572
MinimumVisualStudioVersion = 10.0.40219.1
Project("{FAE04EC0-301F-11D3-BF4B-00C04F79EFBC}") = "Test_Alekseev", "Test_Alekseev\Test_Alekseev.csproj", "{3401E02B-6316-4105-9643-FBBCE53207FD}"
EndProject
Global
	GlobalSection(SolutionConfigurationPlatforms) = preSolution
		Debug|Any CPU = Debug|Any CPU
		Release|Any CPU = Release|Any CPU
	EndGlobalSection
	GlobalSection(ProjectConfigurationPlatforms) = postSolution
		{3401E02B-6316-4105-9643-FBBCE53207FD}.Debug|Any CPU.ActiveCfg = Debug|Any CPU
		{3401E02B-6316-4105-9643-FBBCE53207FD}.Debug|Any CPU.Build.0 = Debug|Any CPU
		{3401E02B-6316-4105-9643-FBBCE53207FD}.Release|Any CPU.ActiveCfg = Release|Any CPU
		{3401E02B-6316-4105-9643-FBBCE53207FD}.Release|Any CPU.Build.0 = Release|Any CPU
	EndGlobalSection
	GlobalSection(SolutionProperties) = preSolution
		HideSolutionNode = FALSE
	EndGlobalSection
	GlobalSection(ExtensibilityGlobals) = postSolution
		SolutionGuid = {E7912697-1C6D-465F-B46C-5EB83D178C0C}
	EndGlobalSection
EndGlobal
